// !$*UTF8*$!
{
	archiveVersion = 1;
	classes = {
	};
	objectVersion = 46;
	objects = {

/* Begin PBXBuildFile section */
		F1AD8DF21EC4D417004FC19B /* AppDelegate.swift in Sources */ = {isa = PBXBuildFile; fileRef = F1AD8DF11EC4D417004FC19B /* AppDelegate.swift */; };
		F1AD8DF41EC4D417004FC19B /* ViewController.swift in Sources */ = {isa = PBXBuildFile; fileRef = F1AD8DF31EC4D417004FC19B /* ViewController.swift */; };
		F1AD8DF71EC4D417004FC19B /* Main.storyboard in Resources */ = {isa = PBXBuildFile; fileRef = F1AD8DF51EC4D417004FC19B /* Main.storyboard */; };
		F1AD8DF91EC4D417004FC19B /* Assets.xcassets in Resources */ = {isa = PBXBuildFile; fileRef = F1AD8DF81EC4D417004FC19B /* Assets.xcassets */; };
		F1AD8DFC1EC4D417004FC19B /* LaunchScreen.storyboard in Resources */ = {isa = PBXBuildFile; fileRef = F1AD8DFA1EC4D417004FC19B /* LaunchScreen.storyboard */; };
/* End PBXBuildFile section */

/* Begin PBXFileReference section */
		F1AD8DEE1EC4D417004FC19B /* may_11_2017_lecture.app */ = {isa = PBXFileReference; explicitFileType = wrapper.application; includeInIndex = 0; path = may_11_2017_lecture.app; sourceTree = BUILT_PRODUCTS_DIR; };
		F1AD8DF11EC4D417004FC19B /* AppDelegate.swift */ = {isa = PBXFileReference; lastKnownFileType = sourcecode.swift; path = AppDelegate.swift; sourceTree = "<group>"; };
		F1AD8DF31EC4D417004FC19B /* ViewController.swift */ = {isa = PBXFileReference; lastKnownFileType = sourcecode.swift; path = ViewController.swift; sourceTree = "<group>"; };
		F1AD8DF61EC4D417004FC19B /* Base */ = {isa = PBXFileReference; lastKnownFileType = file.storyboard; name = Base; path = Base.lproj/Main.storyboard; sourceTree = "<group>"; };
		F1AD8DF81EC4D417004FC19B /* Assets.xcassets */ = {isa = PBXFileReference; lastKnownFileType = folder.assetcatalog; path = Assets.xcassets; sourceTree = "<group>"; };
		F1AD8DFB1EC4D417004FC19B /* Base */ = {isa = PBXFileReference; lastKnownFileType = file.storyboard; name = Base; path = Base.lproj/LaunchScreen.storyboard; sourceTree = "<group>"; };
		F1AD8DFD1EC4D417004FC19B /* Info.plist */ = {isa = PBXFileReference; lastKnownFileType = text.plist.xml; path = Info.plist; sourceTree = "<group>"; };
/* End PBXFileReference section */

/* Begin PBXFrameworksBuildPhase section */
		F1AD8DEB1EC4D417004FC19B /* Frameworks */ = {
			isa = PBXFrameworksBuildPhase;
			buildActionMask = 2147483647;
			files = (
			);
			runOnlyForDeploymentPostprocessing = 0;
		};
/* End PBXFrameworksBuildPhase section */

/* Begin PBXGroup section */
		F1AD8DE51EC4D417004FC19B = {
			isa = PBXGroup;
			children = (
				F1AD8DF01EC4D417004FC19B /* may_11_2017_lecture */,
				F1AD8DEF1EC4D417004FC19B /* Products */,
			);
			sourceTree = "<group>";
		};
		F1AD8DEF1EC4D417004FC19B /* Products */ = {
			isa = PBXGroup;
			children = (
				F1AD8DEE1EC4D417004FC19B /* may_11_2017_lecture.app */,
			);
			name = Products;
			sourceTree = "<group>";
		};
		F1AD8DF01EC4D417004FC19B /* may_11_2017_lecture */ = {
			isa = PBXGroup;
			children = (
				F1AD8DF11EC4D417004FC19B /* AppDelegate.swift */,
				F1AD8DF31EC4D417004FC19B /* ViewController.swift */,
				F1AD8DF51EC4D417004FC19B /* Main.storyboard */,
				F1AD8DF81EC4D417004FC19B /* Assets.xcassets */,
				F1AD8DFA1EC4D417004FC19B /* LaunchScreen.storyboard */,
				F1AD8DFD1EC4D417004FC19B /* Info.plist */,
			);
			path = may_11_2017_lecture;
			sourceTree = "<group>";
		};
/* End PBXGroup section */

/* Begin PBXNativeTarget section */
		F1AD8DED1EC4D417004FC19B /* may_11_2017_lecture */ = {
			isa = PBXNativeTarget;
			buildConfigurationList = F1AD8E001EC4D417004FC19B /* Build configuration list for PBXNativeTarget "may_11_2017_lecture" */;
			buildPhases = (
				F1AD8DEA1EC4D417004FC19B /* Sources */,
				F1AD8DEB1EC4D417004FC19B /* Frameworks */,
				F1AD8DEC1EC4D417004FC19B /* Resources */,
			);
			buildRules = (
			);
			dependencies = (
			);
			name = may_11_2017_lecture;
			productName = may_11_2017_lecture;
			productReference = F1AD8DEE1EC4D417004FC19B /* may_11_2017_lecture.app */;
			productType = "com.apple.product-type.application";
		};
/* End PBXNativeTarget section */

/* Begin PBXProject section */
		F1AD8DE61EC4D417004FC19B /* Project object */ = {
			isa = PBXProject;
			attributes = {
				LastSwiftUpdateCheck = 0830;
				LastUpgradeCheck = 0830;
				ORGANIZATIONNAME = "Andy Feng";
				TargetAttributes = {
					F1AD8DED1EC4D417004FC19B = {
						CreatedOnToolsVersion = 8.3.2;
						DevelopmentTeam = 32H24EKY3R;
						ProvisioningStyle = Automatic;
					};
				};
			};
			buildConfigurationList = F1AD8DE91EC4D417004FC19B /* Build configuration list for PBXProject "may_11_2017_lecture" */;
			compatibilityVersion = "Xcode 3.2";
			developmentRegion = English;
			hasScannedForEncodings = 0;
			knownRegions = (
				en,
				Base,
			);
			mainGroup = F1AD8DE51EC4D417004FC19B;
			productRefGroup = F1AD8DEF1EC4D417004FC19B /* Products */;
			projectDirPath = "";
			projectRoot = "";
			targets = (
				F1AD8DED1EC4D417004FC19B /* may_11_2017_lecture */,
			);
		};
/* End PBXProject section */

/* Begin PBXResourcesBuildPhase section */
		F1AD8DEC1EC4D417004FC19B /* Resources */ = {
			isa = PBXResourcesBuildPhase;
			buildActionMask = 2147483647;
			files = (
				F1AD8DFC1EC4D417004FC19B /* LaunchScreen.storyboard in Resources */,
				F1AD8DF91EC4D417004FC19B /* Assets.xcassets in Resources */,
				F1AD8DF71EC4D417004FC19B /* Main.storyboard in Resources */,
			);
			runOnlyForDeploymentPostprocessing = 0;
		};
/* End PBXResourcesBuildPhase section */

/* Begin PBXSourcesBuildPhase section */
		F1AD8DEA1EC4D417004FC19B /* Sources */ = {
			isa = PBXSourcesBuildPhase;
			buildActionMask = 2147483647;
			files = (
				F1AD8DF41EC4D417004FC19B /* ViewController.swift in Sources */,
				F1AD8DF21EC4D417004FC19B /* AppDelegate.swift in Sources */,
			);
			runOnlyForDeploymentPostprocessing = 0;
		};
/* End PBXSourcesBuildPhase section */

/* Begin PBXVariantGroup section */
		F1AD8DF51EC4D417004FC19B /* Main.storyboard */ = {
			isa = PBXVariantGroup;
			children = (
				F1AD8DF61EC4D417004FC19B /* Base */,
			);
			name = Main.storyboard;
			sourceTree = "<group>";
		};
		F1AD8DFA1EC4D417004FC19B /* LaunchScreen.storyboard */ = {
			isa = PBXVariantGroup;
			children = (
				F1AD8DFB1EC4D417004FC19B /* Base */,
			);
			name = LaunchScreen.storyboard;
			sourceTree = "<group>";
		};
/* End PBXVariantGroup section */

/* Begin XCBuildConfiguration section */
		F1AD8DFE1EC4D417004FC19B /* Debug */ = {
			isa = XCBuildConfiguration;
			buildSettings = {
				ALWAYS_SEARCH_USER_PATHS = NO;
				CLANG_ANALYZER_NONNULL = YES;
				CLANG_ANALYZER_NUMBER_OBJECT_CONVERSION = YES_AGGRESSIVE;
				CLANG_CXX_LANGUAGE_STANDARD = "gnu++0x";
				CLANG_CXX_LIBRARY = "libc++";
				CLANG_ENABLE_MODULES = YES;
				CLANG_ENABLE_OBJC_ARC = YES;
				CLANG_WARN_BOOL_CONVERSION = YES;
				CLANG_WARN_CONSTANT_CONVERSION = YES;
				CLANG_WARN_DIRECT_OBJC_ISA_USAGE = YES_ERROR;
				CLANG_WARN_DOCUMENTATION_COMMENTS = YES;
				CLANG_WARN_EMPTY_BODY = YES;
				CLANG_WARN_ENUM_CONVERSION = YES;
				CLANG_WARN_INFINITE_RECURSION = YES;
				CLANG_WARN_INT_CONVERSION = YES;
				CLANG_WARN_OBJC_ROOT_CLASS = YES_ERROR;
				CLANG_WARN_SUSPICIOUS_MOVE = YES;
				CLANG_WARN_UNREACHABLE_CODE = YES;
				CLANG_WARN__DUPLICATE_METHOD_MATCH = YES;
				"CODE_SIGN_IDENTITY[sdk=iphoneos*]" = "iPhone Developer";
				COPY_PHASE_STRIP = NO;
				DEBUG_INFORMATION_FORMAT = dwarf;
				ENABLE_STRICT_OBJC_MSGSEND = YES;
				ENABLE_TESTABILITY = YES;
				GCC_C_LANGUAGE_STANDARD = gnu99;
				GCC_DYNAMIC_NO_PIC = NO;
				GCC_NO_COMMON_BLOCKS = YES;
				GCC_OPTIMIZATION_LEVEL = 0;
				GCC_PREPROCESSOR_DEFINITIONS = (
					"DEBUG=1",
					"$(inherited)",
				);
				GCC_WARN_64_TO_32_BIT_CONVERSION = YES;
				GCC_WARN_ABOUT_RETURN_TYPE = YES_ERROR;
				GCC_WARN_UNDECLARED_SELECTOR = YES;
				GCC_WARN_UNINITIALIZED_AUTOS = YES_AGGRESSIVE;
				GCC_WARN_UNUSED_FUNCTION = YES;
				GCC_WARN_UNUSED_VARIABLE = YES;
				IPHONEOS_DEPLOYMENT_TARGET = 10.3;
				MTL_ENABLE_DEBUG_INFO = YES;
				ONLY_ACTIVE_ARCH = YES;
				SDKROOT = iphoneos;
				SWIFT_ACTIVE_COMPILATION_CONDITIONS = DEBUG;
				SWIFT_OPTIMIZATION_LEVEL = "-Onone";
				TARGETED_DEVICE_FAMILY = "1,2";
			};
			name = Debug;
		};
		F1AD8DFF1EC4D417004FC19B /* Release */ = {
			isa = XCBuildConfiguration;
			buildSettings = {
				ALWAYS_SEARCH_USER_PATHS = NO;
				CLANG_ANALYZER_NONNULL = YES;
				CLANG_ANALYZER_NUMBER_OBJECT_CONVERSION = YES_AGGRESSIVE;
				CLANG_CXX_LANGUAGE_STANDARD = "gnu++0x";
				CLANG_CXX_LIBRARY = "libc++";
				CLANG_ENABLE_MODULES = YES;
				CLANG_ENABLE_OBJC_ARC = YES;
				CLANG_WARN_BOOL_CONVERSION = YES;
				CLANG_WARN_CONSTANT_CONVERSION = YES;
				CLANG_WARN_DIRECT_OBJC_ISA_USAGE = YES_ERROR;
				CLANG_WARN_DOCUMENTATION_COMMENTS = YES;
				CLANG_WARN_EMPTY_BODY = YES;
				CLANG_WARN_ENUM_CONVERSION = YES;
				CLANG_WARN_INFINITE_RECURSION = YES;
				CLANG_WARN_INT_CONVERSION = YES;
				CLANG_WARN_OBJC_ROOT_CLASS = YES_ERROR;
				CLANG_WARN_SUSPICIOUS_MOVE = YES;
				CLANG_WARN_UNREACHABLE_CODE = YES;
				CLANG_WARN__DUPLICATE_METHOD_MATCH = YES;
				"CODE_SIGN_IDENTITY[sdk=iphoneos*]" = "iPhone Developer";
				COPY_PHASE_STRIP = NO;
				DEBUG_INFORMATION_FORMAT = "dwarf-with-dsym";
				ENABLE_NS_ASSERTIONS = NO;
				ENABLE_STRICT_OBJC_MSGSEND = YES;
				GCC_C_LANGUAGE_STANDARD = gnu99;
				GCC_NO_COMMON_BLOCKS = YES;
				GCC_WARN_64_TO_32_BIT_CONVERSION = YES;
				GCC_WARN_ABOUT_RETURN_TYPE = YES_ERROR;
				GCC_WARN_UNDECLARED_SELECTOR = YES;
				GCC_WARN_UNINITIALIZED_AUTOS = YES_AGGRESSIVE;
				GCC_WARN_UNUSED_FUNCTION = YES;
				GCC_WARN_UNUSED_VARIABLE = YES;
				IPHONEOS_DEPLOYMENT_TARGET = 10.3;
				MTL_ENABLE_DEBUG_INFO = NO;
				SDKROOT = iphoneos;
				SWIFT_OPTIMIZATION_LEVEL = "-Owholemodule";
				TARGETED_DEVICE_FAMILY = "1,2";
				VALIDATE_PRODUCT = YES;
			};
			name = Release;
		};
		F1AD8E011EC4D417004FC19B /* Debug */ = {
			isa = XCBuildConfiguration;
			buildSettings = {
				ASSETCATALOG_COMPILER_APPICON_NAME = AppIcon;
				DEVELOPMENT_TEAM = 32H24EKY3R;
				INFOPLIST_FILE = may_11_2017_lecture/Info.plist;
				LD_RUNPATH_SEARCH_PATHS = "$(inherited) @executable_path/Frameworks";
				PRODUCT_BUNDLE_IDENTIFIER = "com.andyfeng.may-11-2017-lecture";
				PRODUCT_NAME = "$(TARGET_NAME)";
				SWIFT_VERSION = 3.0;
			};
			name = Debug;
		};
		F1AD8E021EC4D417004FC19B /* Release */ = {
			isa = XCBuildConfiguration;
			buildSettings = {
				ASSETCATALOG_COMPILER_APPICON_NAME = AppIcon;
				DEVELOPMENT_TEAM = 32H24EKY3R;
				INFOPLIST_FILE = may_11_2017_lecture/Info.plist;
				LD_RUNPATH_SEARCH_PATHS = "$(inherited) @executable_path/Frameworks";
				PRODUCT_BUNDLE_IDENTIFIER = "com.andyfeng.may-11-2017-lecture";
				PRODUCT_NAME = "$(TARGET_NAME)";
				SWIFT_VERSION = 3.0;
			};
			name = Release;
		};
/* End XCBuildConfiguration section */

/* Begin XCConfigurationList section */
		F1AD8DE91EC4D417004FC19B /* Build configuration list for PBXProject "may_11_2017_lecture" */ = {
			isa = XCConfigurationList;
			buildConfigurations = (
				F1AD8DFE1EC4D417004FC19B /* Debug */,
				F1AD8DFF1EC4D417004FC19B /* Release */,
			);
			defaultConfigurationIsVisible = 0;
			defaultConfigurationName = Release;
		};
		F1AD8E001EC4D417004FC19B /* Build configuration list for PBXNativeTarget "may_11_2017_lecture" */ = {
			isa = XCConfigurationList;
			buildConfigurations = (
				F1AD8E011EC4D417004FC19B /* Debug */,
				F1AD8E021EC4D417004FC19B /* Release */,
			);
			defaultConfigurationIsVisible = 0;
		};
/* End XCConfigurationList section */
	};
	rootObject = F1AD8DE61EC4D417004FC19B /* Project object */;
}
